
Microsoft Visual Studio Solution File, Format Version 12.00
# Visual Studio 15
VisualStudioVersion = 15.0.28307.902
MinimumVisualStudioVersion = 10.0.40219.1
Project("{8BC9CEB8-8B4A-11D0-8D11-00A0C91BC942}") = "Exercising Walk", "Exercising Walk\Exercising Walk.vcxproj", "{8A500DB3-99D3-4EFF-888E-113F2A0DD3B6}"
EndProject
Global
	GlobalSection(SolutionConfigurationPlatforms) = preSolution
		Debug|x64 = Debug|x64
		Debug|x86 = Debug|x86
		Release|x64 = Release|x64
		Release|x86 = Release|x86
	EndGlobalSection
	GlobalSection(ProjectConfigurationPlatforms) = postSolution
		{8A500DB3-99D3-4EFF-888E-113F2A0DD3B6}.Debug|x64.ActiveCfg = Debug|x64
		{8A500DB3-99D3-4EFF-888E-113F2A0DD3B6}.Debug|x64.Build.0 = Debug|x64
		{8A500DB3-99D3-4EFF-888E-113F2A0DD3B6}.Debug|x86.ActiveCfg = Debug|Win32
		{8A500DB3-99D3-4EFF-888E-113F2A0DD3B6}.Debug|x86.Build.0 = Debug|Win32
		{8A500DB3-99D3-4EFF-888E-113F2A0DD3B6}.Release|x64.ActiveCfg = Release|x64
		{8A500DB3-99D3-4EFF-888E-113F2A0DD3B6}.Release|x64.Build.0 = Release|x64
		{8A500DB3-99D3-4EFF-888E-113F2A0DD3B6}.Release|x86.ActiveCfg = Release|Win32
		{8A500DB3-99D3-4EFF-888E-113F2A0DD3B6}.Release|x86.Build.0 = Release|Win32
	EndGlobalSection
	GlobalSection(SolutionProperties) = preSolution
		HideSolutionNode = FALSE
	EndGlobalSection
	GlobalSection(ExtensibilityGlobals) = postSolution
		SolutionGuid = {7F0B64F5-54FC-47AB-8B3B-1C71986D0A79}
	EndGlobalSection
EndGlobal
