
Microsoft Visual Studio Solution File, Format Version 12.00
# Visual Studio 15
VisualStudioVersion = 15.0.28307.902
MinimumVisualStudioVersion = 10.0.40219.1
Project("{8BC9CEB8-8B4A-11D0-8D11-00A0C91BC942}") = "Gravity Flip ( A )", "Gravity Flip ( A )\Gravity Flip ( A ).vcxproj", "{62FDB782-DE58-4762-9BF1-8DB5C2A92287}"
EndProject
Project("{8BC9CEB8-8B4A-11D0-8D11-00A0C91BC942}") = "Registration system ( B )", "Registration system ( B )\Registration system ( B ).vcxproj", "{3595C6B3-13B6-42D8-95F8-D55E4BFDFD78}"
EndProject
Global
	GlobalSection(SolutionConfigurationPlatforms) = preSolution
		Debug|x64 = Debug|x64
		Debug|x86 = Debug|x86
		Release|x64 = Release|x64
		Release|x86 = Release|x86
	EndGlobalSection
	GlobalSection(ProjectConfigurationPlatforms) = postSolution
		{62FDB782-DE58-4762-9BF1-8DB5C2A92287}.Debug|x64.ActiveCfg = Debug|x64
		{62FDB782-DE58-4762-9BF1-8DB5C2A92287}.Debug|x64.Build.0 = Debug|x64
		{62FDB782-DE58-4762-9BF1-8DB5C2A92287}.Debug|x86.ActiveCfg = Debug|Win32
		{62FDB782-DE58-4762-9BF1-8DB5C2A92287}.Debug|x86.Build.0 = Debug|Win32
		{62FDB782-DE58-4762-9BF1-8DB5C2A92287}.Release|x64.ActiveCfg = Release|x64
		{62FDB782-DE58-4762-9BF1-8DB5C2A92287}.Release|x64.Build.0 = Release|x64
		{62FDB782-DE58-4762-9BF1-8DB5C2A92287}.Release|x86.ActiveCfg = Release|Win32
		{62FDB782-DE58-4762-9BF1-8DB5C2A92287}.Release|x86.Build.0 = Release|Win32
		{3595C6B3-13B6-42D8-95F8-D55E4BFDFD78}.Debug|x64.ActiveCfg = Debug|x64
		{3595C6B3-13B6-42D8-95F8-D55E4BFDFD78}.Debug|x64.Build.0 = Debug|x64
		{3595C6B3-13B6-42D8-95F8-D55E4BFDFD78}.Debug|x86.ActiveCfg = Debug|Win32
		{3595C6B3-13B6-42D8-95F8-D55E4BFDFD78}.Debug|x86.Build.0 = Debug|Win32
		{3595C6B3-13B6-42D8-95F8-D55E4BFDFD78}.Release|x64.ActiveCfg = Release|x64
		{3595C6B3-13B6-42D8-95F8-D55E4BFDFD78}.Release|x64.Build.0 = Release|x64
		{3595C6B3-13B6-42D8-95F8-D55E4BFDFD78}.Release|x86.ActiveCfg = Release|Win32
		{3595C6B3-13B6-42D8-95F8-D55E4BFDFD78}.Release|x86.Build.0 = Release|Win32
	EndGlobalSection
	GlobalSection(SolutionProperties) = preSolution
		HideSolutionNode = FALSE
	EndGlobalSection
	GlobalSection(ExtensibilityGlobals) = postSolution
		SolutionGuid = {6034852B-A75F-48FE-9977-220CF5759E89}
	EndGlobalSection
EndGlobal
